// !$*UTF8*$!
{
	archiveVersion = 1;
	classes = {
	};
	objectVersion = 46;
	objects = {

/* Begin PBXBuildFile section */
		00E356F31AD99517003FC87E /* protegecontrolappTests.m in Sources */ = {isa = PBXBuildFile; fileRef = 00E356F21AD99517003FC87E /* protegecontrolappTests.m */; };
		0432799051F34ACEAE1C7A1F /* SimpleLineIcons.ttf in Resources */ = {isa = PBXBuildFile; fileRef = 6C92B07EA501400B83966513 /* SimpleLineIcons.ttf */; };
		0BA96EE1B5E94C0E9A43BB1A /* Octicons.ttf in Resources */ = {isa = PBXBuildFile; fileRef = C2A897826CD94A23A6B9C73B /* Octicons.ttf */; };
		0C37C4B149374E79B8F2C425 /* FontAwesome5_Brands.ttf in Resources */ = {isa = PBXBuildFile; fileRef = F86995A675704E6A84B5DAF7 /* FontAwesome5_Brands.ttf */; };
		107D65B520B344AB99EDDB2B /* FontAwesome5_Solid.ttf in Resources */ = {isa = PBXBuildFile; fileRef = 24B46880509E449C8E2B56CC /* FontAwesome5_Solid.ttf */; };
		13B07FBC1A68108700A75B9A /* AppDelegate.m in Sources */ = {isa = PBXBuildFile; fileRef = 13B07FB01A68108700A75B9A /* AppDelegate.m */; };
		13B07FBD1A68108700A75B9A /* LaunchScreen.xib in Resources */ = {isa = PBXBuildFile; fileRef = 13B07FB11A68108700A75B9A /* LaunchScreen.xib */; };
		13B07FBF1A68108700A75B9A /* Images.xcassets in Resources */ = {isa = PBXBuildFile; fileRef = 13B07FB51A68108700A75B9A /* Images.xcassets */; };
		13B07FC11A68108700A75B9A /* main.m in Sources */ = {isa = PBXBuildFile; fileRef = 13B07FB71A68108700A75B9A /* main.m */; };
		22FA8D8666EE479FA488B1B0 /* Fontisto.ttf in Resources */ = {isa = PBXBuildFile; fileRef = 123565D71176427D8BD15159 /* Fontisto.ttf */; };
		2D02E4BC1E0B4A80006451C7 /* AppDelegate.m in Sources */ = {isa = PBXBuildFile; fileRef = 13B07FB01A68108700A75B9A /* AppDelegate.m */; };
		2D02E4BD1E0B4A84006451C7 /* Images.xcassets in Resources */ = {isa = PBXBuildFile; fileRef = 13B07FB51A68108700A75B9A /* Images.xcassets */; };
		2D02E4BF1E0B4AB3006451C7 /* main.m in Sources */ = {isa = PBXBuildFile; fileRef = 13B07FB71A68108700A75B9A /* main.m */; };
		2DCD954D1E0B4F2C00145EB5 /* protegecontrolappTests.m in Sources */ = {isa = PBXBuildFile; fileRef = 00E356F21AD99517003FC87E /* protegecontrolappTests.m */; };
		314B0E782C51168809E13ED5 /* libPods-protegecontrolapp.a in Frameworks */ = {isa = PBXBuildFile; fileRef = DE206B0D17095019508097A5 /* libPods-protegecontrolapp.a */; };
		4715205A39B64E9B83D4A0D9 /* EvilIcons.ttf in Resources */ = {isa = PBXBuildFile; fileRef = 764C3B24D1AD46B3AFD0484F /* EvilIcons.ttf */; };
		4A527EE9545C4D53A1F963D4 /* FontAwesome5_Regular.ttf in Resources */ = {isa = PBXBuildFile; fileRef = 8A3DBA31963D441E99A3C74E /* FontAwesome5_Regular.ttf */; };
		504DA64C714543A387EA46AC /* MaterialCommunityIcons.ttf in Resources */ = {isa = PBXBuildFile; fileRef = 1740A71CE4534EAA9B84E010 /* MaterialCommunityIcons.ttf */; };
		5A615E833A014ABBA19D297C /* Foundation.ttf in Resources */ = {isa = PBXBuildFile; fileRef = 0739CC2F87B64FA7B8A89225 /* Foundation.ttf */; };
		63FFAF1A7B8E654E5B9447BF /* libPods-protegecontrolappTests.a in Frameworks */ = {isa = PBXBuildFile; fileRef = 02FE12B133A4CA6B82ED31E7 /* libPods-protegecontrolappTests.a */; };
		6F1F5ED12ACE428C8234F7B5 /* Zocial.ttf in Resources */ = {isa = PBXBuildFile; fileRef = D4F47E12696447E888FA2304 /* Zocial.ttf */; };
		79023676D53E4220987F5D09 /* FontAwesome.ttf in Resources */ = {isa = PBXBuildFile; fileRef = 4DCA2EBAADB74199906DE13F /* FontAwesome.ttf */; };
		83C85FF5B35C43CF8DAB5D2C /* Feather.ttf in Resources */ = {isa = PBXBuildFile; fileRef = 9F06C3ED601F4D9AA89F9476 /* Feather.ttf */; };
		958B33CCDFD7423E919A2D14 /* Entypo.ttf in Resources */ = {isa = PBXBuildFile; fileRef = 6679F11AF4F944AAACB26524 /* Entypo.ttf */; };
		9F6B2A93C03A47FD837CE893 /* MaterialIcons.ttf in Resources */ = {isa = PBXBuildFile; fileRef = D3486E20A67A455C94DFBD5B /* MaterialIcons.ttf */; };
		A636E0C14979E73E373A6281 /* libPods-protegecontrolapp-tvOS.a in Frameworks */ = {isa = PBXBuildFile; fileRef = 3716083E960939738E472D23 /* libPods-protegecontrolapp-tvOS.a */; };
		AB99CDC439BF405EC76963F0 /* libPods-protegecontrolapp-tvOSTests.a in Frameworks */ = {isa = PBXBuildFile; fileRef = D36867BE91300F8FC3B6F6A7 /* libPods-protegecontrolapp-tvOSTests.a */; };
		C75B65E604884B18BE5BF4E4 /* Ionicons.ttf in Resources */ = {isa = PBXBuildFile; fileRef = 7718F7BECCB346C090C5512F /* Ionicons.ttf */; };
		FC9BC77A0D804AF4AC194573 /* AntDesign.ttf in Resources */ = {isa = PBXBuildFile; fileRef = EAF3D908F6ED43ABB69AFFC7 /* AntDesign.ttf */; };
		984E99ACDDEA40A4914E7EB3 /* Roboto-Black.ttf in Resources */ = {isa = PBXBuildFile; fileRef = 494BF699F4C34FC4BDBB4F14 /* Roboto-Black.ttf */; };
		D671E22C66A446528375FAD4 /* Roboto-BlackItalic.ttf in Resources */ = {isa = PBXBuildFile; fileRef = F7D52FB2E558403DA441EE1B /* Roboto-BlackItalic.ttf */; };
		42B95C086320434E90CCF036 /* Roboto-Bold.ttf in Resources */ = {isa = PBXBuildFile; fileRef = 3FC95ACCFC5F45D9AA3F569B /* Roboto-Bold.ttf */; };
		D04F9F2A355D4387BAF94179 /* Roboto-BoldCondensed.ttf in Resources */ = {isa = PBXBuildFile; fileRef = 1A103A6E0F434890B8DE4EEF /* Roboto-BoldCondensed.ttf */; };
		B88EBF81CA9B452DA18A3F5E /* Roboto-BoldCondensedItalic.ttf in Resources */ = {isa = PBXBuildFile; fileRef = 541936D114564EBCABB059AA /* Roboto-BoldCondensedItalic.ttf */; };
		A7CB813031C24749957AFC90 /* Roboto-BoldItalic.ttf in Resources */ = {isa = PBXBuildFile; fileRef = 27A7230929B24A20B34B08CF /* Roboto-BoldItalic.ttf */; };
		FEB4CF7461C64B9BAFE08CDC /* Roboto-Condensed.ttf in Resources */ = {isa = PBXBuildFile; fileRef = E7AE6A316D6D443AA80F13AB /* Roboto-Condensed.ttf */; };
		D863214DF98B481DA631FF51 /* Roboto-CondensedItalic.ttf in Resources */ = {isa = PBXBuildFile; fileRef = 0340BAC5DB2645CE90E91D8C /* Roboto-CondensedItalic.ttf */; };
		928278B7D19F4491946E0084 /* Roboto-Italic.ttf in Resources */ = {isa = PBXBuildFile; fileRef = D259998D6D004706BE388753 /* Roboto-Italic.ttf */; };
		52EBBFFF620A46549705C3AE /* Roboto-Light.ttf in Resources */ = {isa = PBXBuildFile; fileRef = 27B4F173022D47F891DB7EDC /* Roboto-Light.ttf */; };
		2E3747B970CF4BC2A4586D39 /* Roboto-LightItalic.ttf in Resources */ = {isa = PBXBuildFile; fileRef = CE5EE7CE42D149289F865CAE /* Roboto-LightItalic.ttf */; };
		07D3CB839F794EECBB921B64 /* Roboto-Medium.ttf in Resources */ = {isa = PBXBuildFile; fileRef = C8892EAC984640D895FB648E /* Roboto-Medium.ttf */; };
		C57DC895C390406CB9421D22 /* Roboto-MediumItalic.ttf in Resources */ = {isa = PBXBuildFile; fileRef = FFD1873BCE7E40FB9EC05530 /* Roboto-MediumItalic.ttf */; };
		1F24489A23704DC1A6DB7B8A /* Roboto-Regular.ttf in Resources */ = {isa = PBXBuildFile; fileRef = 12868F8CAFB647EB8D25E552 /* Roboto-Regular.ttf */; };
		A711C3EB672C4BB69FE6F733 /* Roboto-Thin.ttf in Resources */ = {isa = PBXBuildFile; fileRef = E9E16DE1881D47509367F812 /* Roboto-Thin.ttf */; };
		25A6543C391F453597C83E06 /* Roboto-ThinItalic.ttf in Resources */ = {isa = PBXBuildFile; fileRef = 82335B16AE714E6E88309579 /* Roboto-ThinItalic.ttf */; };
		C0179C89FAA34643AD8A50B1 /* AntDesign.ttf in Resources */ = {isa = PBXBuildFile; fileRef = 4CE3F5197AEF4A1A9823F988 /* AntDesign.ttf */; };
		505A2769F7F943B98C71868F /* Entypo.ttf in Resources */ = {isa = PBXBuildFile; fileRef = 65BE9BAF4EDD4AEDA2DD978C /* Entypo.ttf */; };
		B67340A4D1EC4C30A4FB3995 /* EvilIcons.ttf in Resources */ = {isa = PBXBuildFile; fileRef = 3F20A4D02BE7481597D8DD89 /* EvilIcons.ttf */; };
		0D24F829A2F54B72BD10D7A2 /* Feather.ttf in Resources */ = {isa = PBXBuildFile; fileRef = 73F16483F4B64A42BE0DDD42 /* Feather.ttf */; };
		C576FE07007F4BF4901A56BB /* FontAwesome.ttf in Resources */ = {isa = PBXBuildFile; fileRef = FE912E8C5D534CC99AD495B4 /* FontAwesome.ttf */; };
		104CB00DB537488F83083D08 /* FontAwesome5_Brands.ttf in Resources */ = {isa = PBXBuildFile; fileRef = BA668E6531E0485ABC6CCF99 /* FontAwesome5_Brands.ttf */; };
		94915057FFB7418D9029B0C5 /* FontAwesome5_Regular.ttf in Resources */ = {isa = PBXBuildFile; fileRef = BAA8102571B74EF39B235780 /* FontAwesome5_Regular.ttf */; };
		097EEC0B5D2F48B3A9D5C465 /* FontAwesome5_Solid.ttf in Resources */ = {isa = PBXBuildFile; fileRef = 6F1BE38FE6174FA1B0DF761A /* FontAwesome5_Solid.ttf */; };
		62E505AC409F46D68C2BF771 /* Fontisto.ttf in Resources */ = {isa = PBXBuildFile; fileRef = C20FDD89BF024261A4FB27BB /* Fontisto.ttf */; };
		804DA9BDE2C342139B9059F0 /* Foundation.ttf in Resources */ = {isa = PBXBuildFile; fileRef = 2D19A4EE84A54CD2A1955C93 /* Foundation.ttf */; };
		BB66D8280160421D8A3FCC39 /* Ionicons.ttf in Resources */ = {isa = PBXBuildFile; fileRef = F7807097440048DBAFBC7820 /* Ionicons.ttf */; };
		A3A8DACF95DA48BB80AAC6D7 /* MaterialCommunityIcons.ttf in Resources */ = {isa = PBXBuildFile; fileRef = E13B276016D1484FA4C3FE4D /* MaterialCommunityIcons.ttf */; };
		C5860C41747C41F8BD3F687E /* MaterialIcons.ttf in Resources */ = {isa = PBXBuildFile; fileRef = 39106E97853B4CD4BCB7C752 /* MaterialIcons.ttf */; };
		33D20692C4614DF6A01A6458 /* Octicons.ttf in Resources */ = {isa = PBXBuildFile; fileRef = A15D1E943BD0424587A0D5B6 /* Octicons.ttf */; };
		8AE63266AB8041A9B38CAD43 /* Roboto_medium.ttf in Resources */ = {isa = PBXBuildFile; fileRef = 5881757E3CA74F32847A62C1 /* Roboto_medium.ttf */; };
		28FAEDB8F1C54DBF98BB79B9 /* Roboto.ttf in Resources */ = {isa = PBXBuildFile; fileRef = 82CC22D7BFF44AC2A952A93B /* Roboto.ttf */; };
		D5E37778875444238E763CD5 /* rubicon-icon-font.ttf in Resources */ = {isa = PBXBuildFile; fileRef = D22EF688096F4E4C9BC55C0D /* rubicon-icon-font.ttf */; };
		D177F4B1871B4D089AA54D15 /* SimpleLineIcons.ttf in Resources */ = {isa = PBXBuildFile; fileRef = 9255DAF0198041BFA9A9C2D9 /* SimpleLineIcons.ttf */; };
		099EF333562C4EAA8C0F2088 /* Zocial.ttf in Resources */ = {isa = PBXBuildFile; fileRef = B5619ADF3E5A46309CC921FF /* Zocial.ttf */; };
/* End PBXBuildFile section */

/* Begin PBXContainerItemProxy section */
		00E356F41AD99517003FC87E /* PBXContainerItemProxy */ = {
			isa = PBXContainerItemProxy;
			containerPortal = 83CBB9F71A601CBA00E9B192 /* Project object */;
			proxyType = 1;
			remoteGlobalIDString = 13B07F861A680F5B00A75B9A;
			remoteInfo = protegecontrolapp;
		};
		2D02E4911E0B4A5D006451C7 /* PBXContainerItemProxy */ = {
			isa = PBXContainerItemProxy;
			containerPortal = 83CBB9F71A601CBA00E9B192 /* Project object */;
			proxyType = 1;
			remoteGlobalIDString = 2D02E47A1E0B4A5D006451C7;
			remoteInfo = "protegecontrolapp-tvOS";
		};
/* End PBXContainerItemProxy section */

/* Begin PBXFileReference section */
		008F07F21AC5B25A0029DE68 /* main.jsbundle */ = {isa = PBXFileReference; fileEncoding = 4; lastKnownFileType = text; path = main.jsbundle; sourceTree = "<group>"; };
		00E356EE1AD99517003FC87E /* protegecontrolappTests.xctest */ = {isa = PBXFileReference; explicitFileType = wrapper.cfbundle; includeInIndex = 0; path = protegecontrolappTests.xctest; sourceTree = BUILT_PRODUCTS_DIR; };
		00E356F11AD99517003FC87E /* Info.plist */ = {isa = PBXFileReference; lastKnownFileType = text.plist.xml; path = Info.plist; sourceTree = "<group>"; };
		00E356F21AD99517003FC87E /* protegecontrolappTests.m */ = {isa = PBXFileReference; lastKnownFileType = sourcecode.c.objc; path = protegecontrolappTests.m; sourceTree = "<group>"; };
		02FE12B133A4CA6B82ED31E7 /* libPods-protegecontrolappTests.a */ = {isa = PBXFileReference; explicitFileType = archive.ar; includeInIndex = 0; path = "libPods-protegecontrolappTests.a"; sourceTree = BUILT_PRODUCTS_DIR; };
		0739CC2F87B64FA7B8A89225 /* Foundation.ttf */ = {isa = PBXFileReference; explicitFileType = undefined; fileEncoding = undefined; includeInIndex = 0; lastKnownFileType = unknown; name = Foundation.ttf; path = "../node_modules/react-native-vector-icons/Fonts/Foundation.ttf"; sourceTree = "<group>"; };
		123565D71176427D8BD15159 /* Fontisto.ttf */ = {isa = PBXFileReference; explicitFileType = undefined; fileEncoding = undefined; includeInIndex = 0; lastKnownFileType = unknown; name = Fontisto.ttf; path = "../node_modules/react-native-vector-icons/Fonts/Fontisto.ttf"; sourceTree = "<group>"; };
		13B07F961A680F5B00A75B9A /* protegecontrolapp.app */ = {isa = PBXFileReference; explicitFileType = wrapper.application; includeInIndex = 0; path = protegecontrolapp.app; sourceTree = BUILT_PRODUCTS_DIR; };
		13B07FAF1A68108700A75B9A /* AppDelegate.h */ = {isa = PBXFileReference; fileEncoding = 4; lastKnownFileType = sourcecode.c.h; name = AppDelegate.h; path = protegecontrolapp/AppDelegate.h; sourceTree = "<group>"; };
		13B07FB01A68108700A75B9A /* AppDelegate.m */ = {isa = PBXFileReference; fileEncoding = 4; lastKnownFileType = sourcecode.c.objc; name = AppDelegate.m; path = protegecontrolapp/AppDelegate.m; sourceTree = "<group>"; };
		13B07FB21A68108700A75B9A /* Base */ = {isa = PBXFileReference; lastKnownFileType = file.xib; name = Base; path = Base.lproj/LaunchScreen.xib; sourceTree = "<group>"; };
		13B07FB51A68108700A75B9A /* Images.xcassets */ = {isa = PBXFileReference; lastKnownFileType = folder.assetcatalog; name = Images.xcassets; path = protegecontrolapp/Images.xcassets; sourceTree = "<group>"; };
		13B07FB61A68108700A75B9A /* Info.plist */ = {isa = PBXFileReference; fileEncoding = 4; lastKnownFileType = text.plist.xml; name = Info.plist; path = protegecontrolapp/Info.plist; sourceTree = "<group>"; };
		13B07FB71A68108700A75B9A /* main.m */ = {isa = PBXFileReference; fileEncoding = 4; lastKnownFileType = sourcecode.c.objc; name = main.m; path = protegecontrolapp/main.m; sourceTree = "<group>"; };
		1740A71CE4534EAA9B84E010 /* MaterialCommunityIcons.ttf */ = {isa = PBXFileReference; explicitFileType = undefined; fileEncoding = undefined; includeInIndex = 0; lastKnownFileType = unknown; name = MaterialCommunityIcons.ttf; path = "../node_modules/react-native-vector-icons/Fonts/MaterialCommunityIcons.ttf"; sourceTree = "<group>"; };
		24B46880509E449C8E2B56CC /* FontAwesome5_Solid.ttf */ = {isa = PBXFileReference; explicitFileType = undefined; fileEncoding = undefined; includeInIndex = 0; lastKnownFileType = unknown; name = FontAwesome5_Solid.ttf; path = "../node_modules/react-native-vector-icons/Fonts/FontAwesome5_Solid.ttf"; sourceTree = "<group>"; };
		2D02E47B1E0B4A5D006451C7 /* protegecontrolapp-tvOS.app */ = {isa = PBXFileReference; explicitFileType = wrapper.application; includeInIndex = 0; path = "protegecontrolapp-tvOS.app"; sourceTree = BUILT_PRODUCTS_DIR; };
		2D02E4901E0B4A5D006451C7 /* protegecontrolapp-tvOSTests.xctest */ = {isa = PBXFileReference; explicitFileType = wrapper.cfbundle; includeInIndex = 0; path = "protegecontrolapp-tvOSTests.xctest"; sourceTree = BUILT_PRODUCTS_DIR; };
		3716083E960939738E472D23 /* libPods-protegecontrolapp-tvOS.a */ = {isa = PBXFileReference; explicitFileType = archive.ar; includeInIndex = 0; path = "libPods-protegecontrolapp-tvOS.a"; sourceTree = BUILT_PRODUCTS_DIR; };
		4DCA2EBAADB74199906DE13F /* FontAwesome.ttf */ = {isa = PBXFileReference; explicitFileType = undefined; fileEncoding = undefined; includeInIndex = 0; lastKnownFileType = unknown; name = FontAwesome.ttf; path = "../node_modules/react-native-vector-icons/Fonts/FontAwesome.ttf"; sourceTree = "<group>"; };
		5C80096B98CCDA5ED202649B /* Pods-protegecontrolappTests.release.xcconfig */ = {isa = PBXFileReference; includeInIndex = 1; lastKnownFileType = text.xcconfig; name = "Pods-protegecontrolappTests.release.xcconfig"; path = "Target Support Files/Pods-protegecontrolappTests/Pods-protegecontrolappTests.release.xcconfig"; sourceTree = "<group>"; };
		6679F11AF4F944AAACB26524 /* Entypo.ttf */ = {isa = PBXFileReference; explicitFileType = undefined; fileEncoding = undefined; includeInIndex = 0; lastKnownFileType = unknown; name = Entypo.ttf; path = "../node_modules/react-native-vector-icons/Fonts/Entypo.ttf"; sourceTree = "<group>"; };
		6C92B07EA501400B83966513 /* SimpleLineIcons.ttf */ = {isa = PBXFileReference; explicitFileType = undefined; fileEncoding = undefined; includeInIndex = 0; lastKnownFileType = unknown; name = SimpleLineIcons.ttf; path = "../node_modules/react-native-vector-icons/Fonts/SimpleLineIcons.ttf"; sourceTree = "<group>"; };
		764C3B24D1AD46B3AFD0484F /* EvilIcons.ttf */ = {isa = PBXFileReference; explicitFileType = undefined; fileEncoding = undefined; includeInIndex = 0; lastKnownFileType = unknown; name = EvilIcons.ttf; path = "../node_modules/react-native-vector-icons/Fonts/EvilIcons.ttf"; sourceTree = "<group>"; };
		7718F7BECCB346C090C5512F /* Ionicons.ttf */ = {isa = PBXFileReference; explicitFileType = undefined; fileEncoding = undefined; includeInIndex = 0; lastKnownFileType = unknown; name = Ionicons.ttf; path = "../node_modules/react-native-vector-icons/Fonts/Ionicons.ttf"; sourceTree = "<group>"; };
		8A3DBA31963D441E99A3C74E /* FontAwesome5_Regular.ttf */ = {isa = PBXFileReference; explicitFileType = undefined; fileEncoding = undefined; includeInIndex = 0; lastKnownFileType = unknown; name = FontAwesome5_Regular.ttf; path = "../node_modules/react-native-vector-icons/Fonts/FontAwesome5_Regular.ttf"; sourceTree = "<group>"; };
		952F1DF09D14BE6763FCDCEF /* Pods-protegecontrolapp-tvOSTests.release.xcconfig */ = {isa = PBXFileReference; includeInIndex = 1; lastKnownFileType = text.xcconfig; name = "Pods-protegecontrolapp-tvOSTests.release.xcconfig"; path = "Target Support Files/Pods-protegecontrolapp-tvOSTests/Pods-protegecontrolapp-tvOSTests.release.xcconfig"; sourceTree = "<group>"; };
		9EB4D51BAD982A3A60888FB5 /* Pods-protegecontrolapp.release.xcconfig */ = {isa = PBXFileReference; includeInIndex = 1; lastKnownFileType = text.xcconfig; name = "Pods-protegecontrolapp.release.xcconfig"; path = "Target Support Files/Pods-protegecontrolapp/Pods-protegecontrolapp.release.xcconfig"; sourceTree = "<group>"; };
		9F06C3ED601F4D9AA89F9476 /* Feather.ttf */ = {isa = PBXFileReference; explicitFileType = undefined; fileEncoding = undefined; includeInIndex = 0; lastKnownFileType = unknown; name = Feather.ttf; path = "../node_modules/react-native-vector-icons/Fonts/Feather.ttf"; sourceTree = "<group>"; };
		B0C84159D3486D3FC6B70C6C /* Pods-protegecontrolapp-tvOS.debug.xcconfig */ = {isa = PBXFileReference; includeInIndex = 1; lastKnownFileType = text.xcconfig; name = "Pods-protegecontrolapp-tvOS.debug.xcconfig"; path = "Target Support Files/Pods-protegecontrolapp-tvOS/Pods-protegecontrolapp-tvOS.debug.xcconfig"; sourceTree = "<group>"; };
		B9A80FF241CD6081005FDDED /* Pods-protegecontrolapp-tvOSTests.debug.xcconfig */ = {isa = PBXFileReference; includeInIndex = 1; lastKnownFileType = text.xcconfig; name = "Pods-protegecontrolapp-tvOSTests.debug.xcconfig"; path = "Target Support Files/Pods-protegecontrolapp-tvOSTests/Pods-protegecontrolapp-tvOSTests.debug.xcconfig"; sourceTree = "<group>"; };
		C2A897826CD94A23A6B9C73B /* Octicons.ttf */ = {isa = PBXFileReference; explicitFileType = undefined; fileEncoding = undefined; includeInIndex = 0; lastKnownFileType = unknown; name = Octicons.ttf; path = "../node_modules/react-native-vector-icons/Fonts/Octicons.ttf"; sourceTree = "<group>"; };
		C6FFAFA16F63896CC76F8577 /* Pods-protegecontrolapp.debug.xcconfig */ = {isa = PBXFileReference; includeInIndex = 1; lastKnownFileType = text.xcconfig; name = "Pods-protegecontrolapp.debug.xcconfig"; path = "Target Support Files/Pods-protegecontrolapp/Pods-protegecontrolapp.debug.xcconfig"; sourceTree = "<group>"; };
		C7E6E5E4CC17CB9FB2457298 /* Pods-protegecontrolappTests.debug.xcconfig */ = {isa = PBXFileReference; includeInIndex = 1; lastKnownFileType = text.xcconfig; name = "Pods-protegecontrolappTests.debug.xcconfig"; path = "Target Support Files/Pods-protegecontrolappTests/Pods-protegecontrolappTests.debug.xcconfig"; sourceTree = "<group>"; };
		D3486E20A67A455C94DFBD5B /* MaterialIcons.ttf */ = {isa = PBXFileReference; explicitFileType = undefined; fileEncoding = undefined; includeInIndex = 0; lastKnownFileType = unknown; name = MaterialIcons.ttf; path = "../node_modules/react-native-vector-icons/Fonts/MaterialIcons.ttf"; sourceTree = "<group>"; };
		D36867BE91300F8FC3B6F6A7 /* libPods-protegecontrolapp-tvOSTests.a */ = {isa = PBXFileReference; explicitFileType = archive.ar; includeInIndex = 0; path = "libPods-protegecontrolapp-tvOSTests.a"; sourceTree = BUILT_PRODUCTS_DIR; };
		D4F47E12696447E888FA2304 /* Zocial.ttf */ = {isa = PBXFileReference; explicitFileType = undefined; fileEncoding = undefined; includeInIndex = 0; lastKnownFileType = unknown; name = Zocial.ttf; path = "../node_modules/react-native-vector-icons/Fonts/Zocial.ttf"; sourceTree = "<group>"; };
		DE206B0D17095019508097A5 /* libPods-protegecontrolapp.a */ = {isa = PBXFileReference; explicitFileType = archive.ar; includeInIndex = 0; path = "libPods-protegecontrolapp.a"; sourceTree = BUILT_PRODUCTS_DIR; };
		EAF3D908F6ED43ABB69AFFC7 /* AntDesign.ttf */ = {isa = PBXFileReference; explicitFileType = undefined; fileEncoding = undefined; includeInIndex = 0; lastKnownFileType = unknown; name = AntDesign.ttf; path = "../node_modules/react-native-vector-icons/Fonts/AntDesign.ttf"; sourceTree = "<group>"; };
		ED297162215061F000B7C4FE /* JavaScriptCore.framework */ = {isa = PBXFileReference; lastKnownFileType = wrapper.framework; name = JavaScriptCore.framework; path = System/Library/Frameworks/JavaScriptCore.framework; sourceTree = SDKROOT; };
		ED2971642150620600B7C4FE /* JavaScriptCore.framework */ = {isa = PBXFileReference; lastKnownFileType = wrapper.framework; name = JavaScriptCore.framework; path = Platforms/AppleTVOS.platform/Developer/SDKs/AppleTVOS12.0.sdk/System/Library/Frameworks/JavaScriptCore.framework; sourceTree = DEVELOPER_DIR; };
		F86995A675704E6A84B5DAF7 /* FontAwesome5_Brands.ttf */ = {isa = PBXFileReference; explicitFileType = undefined; fileEncoding = undefined; includeInIndex = 0; lastKnownFileType = unknown; name = FontAwesome5_Brands.ttf; path = "../node_modules/react-native-vector-icons/Fonts/FontAwesome5_Brands.ttf"; sourceTree = "<group>"; };
		FB3FD11548E13DDE090F5F44 /* Pods-protegecontrolapp-tvOS.release.xcconfig */ = {isa = PBXFileReference; includeInIndex = 1; lastKnownFileType = text.xcconfig; name = "Pods-protegecontrolapp-tvOS.release.xcconfig"; path = "Target Support Files/Pods-protegecontrolapp-tvOS/Pods-protegecontrolapp-tvOS.release.xcconfig"; sourceTree = "<group>"; };
		494BF699F4C34FC4BDBB4F14 /* Roboto-Black.ttf */ = {isa = PBXFileReference; name = "Roboto-Black.ttf"; path = "../assets/fonts/Roboto-Black.ttf"; sourceTree = "<group>"; fileEncoding = undefined; lastKnownFileType = unknown; explicitFileType = undefined; includeInIndex = 0; };
		F7D52FB2E558403DA441EE1B /* Roboto-BlackItalic.ttf */ = {isa = PBXFileReference; name = "Roboto-BlackItalic.ttf"; path = "../assets/fonts/Roboto-BlackItalic.ttf"; sourceTree = "<group>"; fileEncoding = undefined; lastKnownFileType = unknown; explicitFileType = undefined; includeInIndex = 0; };
		3FC95ACCFC5F45D9AA3F569B /* Roboto-Bold.ttf */ = {isa = PBXFileReference; name = "Roboto-Bold.ttf"; path = "../assets/fonts/Roboto-Bold.ttf"; sourceTree = "<group>"; fileEncoding = undefined; lastKnownFileType = unknown; explicitFileType = undefined; includeInIndex = 0; };
		1A103A6E0F434890B8DE4EEF /* Roboto-BoldCondensed.ttf */ = {isa = PBXFileReference; name = "Roboto-BoldCondensed.ttf"; path = "../assets/fonts/Roboto-BoldCondensed.ttf"; sourceTree = "<group>"; fileEncoding = undefined; lastKnownFileType = unknown; explicitFileType = undefined; includeInIndex = 0; };
		541936D114564EBCABB059AA /* Roboto-BoldCondensedItalic.ttf */ = {isa = PBXFileReference; name = "Roboto-BoldCondensedItalic.ttf"; path = "../assets/fonts/Roboto-BoldCondensedItalic.ttf"; sourceTree = "<group>"; fileEncoding = undefined; lastKnownFileType = unknown; explicitFileType = undefined; includeInIndex = 0; };
		27A7230929B24A20B34B08CF /* Roboto-BoldItalic.ttf */ = {isa = PBXFileReference; name = "Roboto-BoldItalic.ttf"; path = "../assets/fonts/Roboto-BoldItalic.ttf"; sourceTree = "<group>"; fileEncoding = undefined; lastKnownFileType = unknown; explicitFileType = undefined; includeInIndex = 0; };
		E7AE6A316D6D443AA80F13AB /* Roboto-Condensed.ttf */ = {isa = PBXFileReference; name = "Roboto-Condensed.ttf"; path = "../assets/fonts/Roboto-Condensed.ttf"; sourceTree = "<group>"; fileEncoding = undefined; lastKnownFileType = unknown; explicitFileType = undefined; includeInIndex = 0; };
		0340BAC5DB2645CE90E91D8C /* Roboto-CondensedItalic.ttf */ = {isa = PBXFileReference; name = "Roboto-CondensedItalic.ttf"; path = "../assets/fonts/Roboto-CondensedItalic.ttf"; sourceTree = "<group>"; fileEncoding = undefined; lastKnownFileType = unknown; explicitFileType = undefined; includeInIndex = 0; };
		D259998D6D004706BE388753 /* Roboto-Italic.ttf */ = {isa = PBXFileReference; name = "Roboto-Italic.ttf"; path = "../assets/fonts/Roboto-Italic.ttf"; sourceTree = "<group>"; fileEncoding = undefined; lastKnownFileType = unknown; explicitFileType = undefined; includeInIndex = 0; };
		27B4F173022D47F891DB7EDC /* Roboto-Light.ttf */ = {isa = PBXFileReference; name = "Roboto-Light.ttf"; path = "../assets/fonts/Roboto-Light.ttf"; sourceTree = "<group>"; fileEncoding = undefined; lastKnownFileType = unknown; explicitFileType = undefined; includeInIndex = 0; };
		CE5EE7CE42D149289F865CAE /* Roboto-LightItalic.ttf */ = {isa = PBXFileReference; name = "Roboto-LightItalic.ttf"; path = "../assets/fonts/Roboto-LightItalic.ttf"; sourceTree = "<group>"; fileEncoding = undefined; lastKnownFileType = unknown; explicitFileType = undefined; includeInIndex = 0; };
		C8892EAC984640D895FB648E /* Roboto-Medium.ttf */ = {isa = PBXFileReference; name = "Roboto-Medium.ttf"; path = "../assets/fonts/Roboto-Medium.ttf"; sourceTree = "<group>"; fileEncoding = undefined; lastKnownFileType = unknown; explicitFileType = undefined; includeInIndex = 0; };
		FFD1873BCE7E40FB9EC05530 /* Roboto-MediumItalic.ttf */ = {isa = PBXFileReference; name = "Roboto-MediumItalic.ttf"; path = "../assets/fonts/Roboto-MediumItalic.ttf"; sourceTree = "<group>"; fileEncoding = undefined; lastKnownFileType = unknown; explicitFileType = undefined; includeInIndex = 0; };
		12868F8CAFB647EB8D25E552 /* Roboto-Regular.ttf */ = {isa = PBXFileReference; name = "Roboto-Regular.ttf"; path = "../assets/fonts/Roboto-Regular.ttf"; sourceTree = "<group>"; fileEncoding = undefined; lastKnownFileType = unknown; explicitFileType = undefined; includeInIndex = 0; };
		E9E16DE1881D47509367F812 /* Roboto-Thin.ttf */ = {isa = PBXFileReference; name = "Roboto-Thin.ttf"; path = "../assets/fonts/Roboto-Thin.ttf"; sourceTree = "<group>"; fileEncoding = undefined; lastKnownFileType = unknown; explicitFileType = undefined; includeInIndex = 0; };
		82335B16AE714E6E88309579 /* Roboto-ThinItalic.ttf */ = {isa = PBXFileReference; name = "Roboto-ThinItalic.ttf"; path = "../assets/fonts/Roboto-ThinItalic.ttf"; sourceTree = "<group>"; fileEncoding = undefined; lastKnownFileType = unknown; explicitFileType = undefined; includeInIndex = 0; };
		4CE3F5197AEF4A1A9823F988 /* AntDesign.ttf */ = {isa = PBXFileReference; name = "AntDesign.ttf"; path = "../node_modules/native-base/Fonts/AntDesign.ttf"; sourceTree = "<group>"; fileEncoding = undefined; lastKnownFileType = unknown; explicitFileType = undefined; includeInIndex = 0; };
		65BE9BAF4EDD4AEDA2DD978C /* Entypo.ttf */ = {isa = PBXFileReference; name = "Entypo.ttf"; path = "../node_modules/native-base/Fonts/Entypo.ttf"; sourceTree = "<group>"; fileEncoding = undefined; lastKnownFileType = unknown; explicitFileType = undefined; includeInIndex = 0; };
		3F20A4D02BE7481597D8DD89 /* EvilIcons.ttf */ = {isa = PBXFileReference; name = "EvilIcons.ttf"; path = "../node_modules/native-base/Fonts/EvilIcons.ttf"; sourceTree = "<group>"; fileEncoding = undefined; lastKnownFileType = unknown; explicitFileType = undefined; includeInIndex = 0; };
		73F16483F4B64A42BE0DDD42 /* Feather.ttf */ = {isa = PBXFileReference; name = "Feather.ttf"; path = "../node_modules/native-base/Fonts/Feather.ttf"; sourceTree = "<group>"; fileEncoding = undefined; lastKnownFileType = unknown; explicitFileType = undefined; includeInIndex = 0; };
		FE912E8C5D534CC99AD495B4 /* FontAwesome.ttf */ = {isa = PBXFileReference; name = "FontAwesome.ttf"; path = "../node_modules/native-base/Fonts/FontAwesome.ttf"; sourceTree = "<group>"; fileEncoding = undefined; lastKnownFileType = unknown; explicitFileType = undefined; includeInIndex = 0; };
		BA668E6531E0485ABC6CCF99 /* FontAwesome5_Brands.ttf */ = {isa = PBXFileReference; name = "FontAwesome5_Brands.ttf"; path = "../node_modules/native-base/Fonts/FontAwesome5_Brands.ttf"; sourceTree = "<group>"; fileEncoding = undefined; lastKnownFileType = unknown; explicitFileType = undefined; includeInIndex = 0; };
		BAA8102571B74EF39B235780 /* FontAwesome5_Regular.ttf */ = {isa = PBXFileReference; name = "FontAwesome5_Regular.ttf"; path = "../node_modules/native-base/Fonts/FontAwesome5_Regular.ttf"; sourceTree = "<group>"; fileEncoding = undefined; lastKnownFileType = unknown; explicitFileType = undefined; includeInIndex = 0; };
		6F1BE38FE6174FA1B0DF761A /* FontAwesome5_Solid.ttf */ = {isa = PBXFileReference; name = "FontAwesome5_Solid.ttf"; path = "../node_modules/native-base/Fonts/FontAwesome5_Solid.ttf"; sourceTree = "<group>"; fileEncoding = undefined; lastKnownFileType = unknown; explicitFileType = undefined; includeInIndex = 0; };
		C20FDD89BF024261A4FB27BB /* Fontisto.ttf */ = {isa = PBXFileReference; name = "Fontisto.ttf"; path = "../node_modules/native-base/Fonts/Fontisto.ttf"; sourceTree = "<group>"; fileEncoding = undefined; lastKnownFileType = unknown; explicitFileType = undefined; includeInIndex = 0; };
		2D19A4EE84A54CD2A1955C93 /* Foundation.ttf */ = {isa = PBXFileReference; name = "Foundation.ttf"; path = "../node_modules/native-base/Fonts/Foundation.ttf"; sourceTree = "<group>"; fileEncoding = undefined; lastKnownFileType = unknown; explicitFileType = undefined; includeInIndex = 0; };
		F7807097440048DBAFBC7820 /* Ionicons.ttf */ = {isa = PBXFileReference; name = "Ionicons.ttf"; path = "../node_modules/native-base/Fonts/Ionicons.ttf"; sourceTree = "<group>"; fileEncoding = undefined; lastKnownFileType = unknown; explicitFileType = undefined; includeInIndex = 0; };
		E13B276016D1484FA4C3FE4D /* MaterialCommunityIcons.ttf */ = {isa = PBXFileReference; name = "MaterialCommunityIcons.ttf"; path = "../node_modules/native-base/Fonts/MaterialCommunityIcons.ttf"; sourceTree = "<group>"; fileEncoding = undefined; lastKnownFileType = unknown; explicitFileType = undefined; includeInIndex = 0; };
		39106E97853B4CD4BCB7C752 /* MaterialIcons.ttf */ = {isa = PBXFileReference; name = "MaterialIcons.ttf"; path = "../node_modules/native-base/Fonts/MaterialIcons.ttf"; sourceTree = "<group>"; fileEncoding = undefined; lastKnownFileType = unknown; explicitFileType = undefined; includeInIndex = 0; };
		A15D1E943BD0424587A0D5B6 /* Octicons.ttf */ = {isa = PBXFileReference; name = "Octicons.ttf"; path = "../node_modules/native-base/Fonts/Octicons.ttf"; sourceTree = "<group>"; fileEncoding = undefined; lastKnownFileType = unknown; explicitFileType = undefined; includeInIndex = 0; };
		5881757E3CA74F32847A62C1 /* Roboto_medium.ttf */ = {isa = PBXFileReference; name = "Roboto_medium.ttf"; path = "../node_modules/native-base/Fonts/Roboto_medium.ttf"; sourceTree = "<group>"; fileEncoding = undefined; lastKnownFileType = unknown; explicitFileType = undefined; includeInIndex = 0; };
		82CC22D7BFF44AC2A952A93B /* Roboto.ttf */ = {isa = PBXFileReference; name = "Roboto.ttf"; path = "../node_modules/native-base/Fonts/Roboto.ttf"; sourceTree = "<group>"; fileEncoding = undefined; lastKnownFileType = unknown; explicitFileType = undefined; includeInIndex = 0; };
		D22EF688096F4E4C9BC55C0D /* rubicon-icon-font.ttf */ = {isa = PBXFileReference; name = "rubicon-icon-font.ttf"; path = "../node_modules/native-base/Fonts/rubicon-icon-font.ttf"; sourceTree = "<group>"; fileEncoding = undefined; lastKnownFileType = unknown; explicitFileType = undefined; includeInIndex = 0; };
		9255DAF0198041BFA9A9C2D9 /* SimpleLineIcons.ttf */ = {isa = PBXFileReference; name = "SimpleLineIcons.ttf"; path = "../node_modules/native-base/Fonts/SimpleLineIcons.ttf"; sourceTree = "<group>"; fileEncoding = undefined; lastKnownFileType = unknown; explicitFileType = undefined; includeInIndex = 0; };
		B5619ADF3E5A46309CC921FF /* Zocial.ttf */ = {isa = PBXFileReference; name = "Zocial.ttf"; path = "../node_modules/native-base/Fonts/Zocial.ttf"; sourceTree = "<group>"; fileEncoding = undefined; lastKnownFileType = unknown; explicitFileType = undefined; includeInIndex = 0; };
/* End PBXFileReference section */

/* Begin PBXFrameworksBuildPhase section */
		00E356EB1AD99517003FC87E /* Frameworks */ = {
			isa = PBXFrameworksBuildPhase;
			buildActionMask = 2147483647;
			files = (
				63FFAF1A7B8E654E5B9447BF /* libPods-protegecontrolappTests.a in Frameworks */,
			);
			runOnlyForDeploymentPostprocessing = 0;
		};
		13B07F8C1A680F5B00A75B9A /* Frameworks */ = {
			isa = PBXFrameworksBuildPhase;
			buildActionMask = 2147483647;
			files = (
				314B0E782C51168809E13ED5 /* libPods-protegecontrolapp.a in Frameworks */,
			);
			runOnlyForDeploymentPostprocessing = 0;
		};
		2D02E4781E0B4A5D006451C7 /* Frameworks */ = {
			isa = PBXFrameworksBuildPhase;
			buildActionMask = 2147483647;
			files = (
				A636E0C14979E73E373A6281 /* libPods-protegecontrolapp-tvOS.a in Frameworks */,
			);
			runOnlyForDeploymentPostprocessing = 0;
		};
		2D02E48D1E0B4A5D006451C7 /* Frameworks */ = {
			isa = PBXFrameworksBuildPhase;
			buildActionMask = 2147483647;
			files = (
				AB99CDC439BF405EC76963F0 /* libPods-protegecontrolapp-tvOSTests.a in Frameworks */,
			);
			runOnlyForDeploymentPostprocessing = 0;
		};
/* End PBXFrameworksBuildPhase section */

/* Begin PBXGroup section */
		00E356EF1AD99517003FC87E /* protegecontrolappTests */ = {
			isa = PBXGroup;
			children = (
				00E356F21AD99517003FC87E /* protegecontrolappTests.m */,
				00E356F01AD99517003FC87E /* Supporting Files */,
			);
			path = protegecontrolappTests;
			sourceTree = "<group>";
		};
		00E356F01AD99517003FC87E /* Supporting Files */ = {
			isa = PBXGroup;
			children = (
				00E356F11AD99517003FC87E /* Info.plist */,
			);
			name = "Supporting Files";
			sourceTree = "<group>";
		};
		13B07FAE1A68108700A75B9A /* protegecontrolapp */ = {
			isa = PBXGroup;
			children = (
				008F07F21AC5B25A0029DE68 /* main.jsbundle */,
				13B07FAF1A68108700A75B9A /* AppDelegate.h */,
				13B07FB01A68108700A75B9A /* AppDelegate.m */,
				13B07FB51A68108700A75B9A /* Images.xcassets */,
				13B07FB61A68108700A75B9A /* Info.plist */,
				13B07FB11A68108700A75B9A /* LaunchScreen.xib */,
				13B07FB71A68108700A75B9A /* main.m */,
			);
			name = protegecontrolapp;
			sourceTree = "<group>";
		};
		2D16E6871FA4F8E400B85C8A /* Frameworks */ = {
			isa = PBXGroup;
			children = (
				ED297162215061F000B7C4FE /* JavaScriptCore.framework */,
				ED2971642150620600B7C4FE /* JavaScriptCore.framework */,
				DE206B0D17095019508097A5 /* libPods-protegecontrolapp.a */,
				3716083E960939738E472D23 /* libPods-protegecontrolapp-tvOS.a */,
				D36867BE91300F8FC3B6F6A7 /* libPods-protegecontrolapp-tvOSTests.a */,
				02FE12B133A4CA6B82ED31E7 /* libPods-protegecontrolappTests.a */,
			);
			name = Frameworks;
			sourceTree = "<group>";
		};
		6DABA49C3163FE8EBA4E514F /* Pods */ = {
			isa = PBXGroup;
			children = (
				C6FFAFA16F63896CC76F8577 /* Pods-protegecontrolapp.debug.xcconfig */,
				9EB4D51BAD982A3A60888FB5 /* Pods-protegecontrolapp.release.xcconfig */,
				B0C84159D3486D3FC6B70C6C /* Pods-protegecontrolapp-tvOS.debug.xcconfig */,
				FB3FD11548E13DDE090F5F44 /* Pods-protegecontrolapp-tvOS.release.xcconfig */,
				B9A80FF241CD6081005FDDED /* Pods-protegecontrolapp-tvOSTests.debug.xcconfig */,
				952F1DF09D14BE6763FCDCEF /* Pods-protegecontrolapp-tvOSTests.release.xcconfig */,
				C7E6E5E4CC17CB9FB2457298 /* Pods-protegecontrolappTests.debug.xcconfig */,
				5C80096B98CCDA5ED202649B /* Pods-protegecontrolappTests.release.xcconfig */,
			);
			name = Pods;
			path = Pods;
			sourceTree = "<group>";
		};
		832341AE1AAA6A7D00B99B32 /* Libraries */ = {
			isa = PBXGroup;
			children = (
			);
			name = Libraries;
			sourceTree = "<group>";
		};
		83CBB9F61A601CBA00E9B192 = {
			isa = PBXGroup;
			children = (
				13B07FAE1A68108700A75B9A /* protegecontrolapp */,
				832341AE1AAA6A7D00B99B32 /* Libraries */,
				00E356EF1AD99517003FC87E /* protegecontrolappTests */,
				83CBBA001A601CBA00E9B192 /* Products */,
				2D16E6871FA4F8E400B85C8A /* Frameworks */,
				6DABA49C3163FE8EBA4E514F /* Pods */,
				A6414C37A3A64995B990E7DC /* Resources */,
			);
			indentWidth = 2;
			sourceTree = "<group>";
			tabWidth = 2;
			usesTabs = 0;
		};
		83CBBA001A601CBA00E9B192 /* Products */ = {
			isa = PBXGroup;
			children = (
				13B07F961A680F5B00A75B9A /* protegecontrolapp.app */,
				00E356EE1AD99517003FC87E /* protegecontrolappTests.xctest */,
				2D02E47B1E0B4A5D006451C7 /* protegecontrolapp-tvOS.app */,
				2D02E4901E0B4A5D006451C7 /* protegecontrolapp-tvOSTests.xctest */,
			);
			name = Products;
			sourceTree = "<group>";
		};
		A6414C37A3A64995B990E7DC /* Resources */ = {
			isa = PBXGroup;
			children = (
				EAF3D908F6ED43ABB69AFFC7 /* AntDesign.ttf */,
				6679F11AF4F944AAACB26524 /* Entypo.ttf */,
				764C3B24D1AD46B3AFD0484F /* EvilIcons.ttf */,
				9F06C3ED601F4D9AA89F9476 /* Feather.ttf */,
				4DCA2EBAADB74199906DE13F /* FontAwesome.ttf */,
				F86995A675704E6A84B5DAF7 /* FontAwesome5_Brands.ttf */,
				8A3DBA31963D441E99A3C74E /* FontAwesome5_Regular.ttf */,
				24B46880509E449C8E2B56CC /* FontAwesome5_Solid.ttf */,
				123565D71176427D8BD15159 /* Fontisto.ttf */,
				0739CC2F87B64FA7B8A89225 /* Foundation.ttf */,
				7718F7BECCB346C090C5512F /* Ionicons.ttf */,
				1740A71CE4534EAA9B84E010 /* MaterialCommunityIcons.ttf */,
				D3486E20A67A455C94DFBD5B /* MaterialIcons.ttf */,
				C2A897826CD94A23A6B9C73B /* Octicons.ttf */,
				6C92B07EA501400B83966513 /* SimpleLineIcons.ttf */,
				D4F47E12696447E888FA2304 /* Zocial.ttf */,
				494BF699F4C34FC4BDBB4F14 /* Roboto-Black.ttf */,
				F7D52FB2E558403DA441EE1B /* Roboto-BlackItalic.ttf */,
				3FC95ACCFC5F45D9AA3F569B /* Roboto-Bold.ttf */,
				1A103A6E0F434890B8DE4EEF /* Roboto-BoldCondensed.ttf */,
				541936D114564EBCABB059AA /* Roboto-BoldCondensedItalic.ttf */,
				27A7230929B24A20B34B08CF /* Roboto-BoldItalic.ttf */,
				E7AE6A316D6D443AA80F13AB /* Roboto-Condensed.ttf */,
				0340BAC5DB2645CE90E91D8C /* Roboto-CondensedItalic.ttf */,
				D259998D6D004706BE388753 /* Roboto-Italic.ttf */,
				27B4F173022D47F891DB7EDC /* Roboto-Light.ttf */,
				CE5EE7CE42D149289F865CAE /* Roboto-LightItalic.ttf */,
				C8892EAC984640D895FB648E /* Roboto-Medium.ttf */,
				FFD1873BCE7E40FB9EC05530 /* Roboto-MediumItalic.ttf */,
				12868F8CAFB647EB8D25E552 /* Roboto-Regular.ttf */,
				E9E16DE1881D47509367F812 /* Roboto-Thin.ttf */,
				82335B16AE714E6E88309579 /* Roboto-ThinItalic.ttf */,
				4CE3F5197AEF4A1A9823F988 /* AntDesign.ttf */,
				65BE9BAF4EDD4AEDA2DD978C /* Entypo.ttf */,
				3F20A4D02BE7481597D8DD89 /* EvilIcons.ttf */,
				73F16483F4B64A42BE0DDD42 /* Feather.ttf */,
				FE912E8C5D534CC99AD495B4 /* FontAwesome.ttf */,
				BA668E6531E0485ABC6CCF99 /* FontAwesome5_Brands.ttf */,
				BAA8102571B74EF39B235780 /* FontAwesome5_Regular.ttf */,
				6F1BE38FE6174FA1B0DF761A /* FontAwesome5_Solid.ttf */,
				C20FDD89BF024261A4FB27BB /* Fontisto.ttf */,
				2D19A4EE84A54CD2A1955C93 /* Foundation.ttf */,
				F7807097440048DBAFBC7820 /* Ionicons.ttf */,
				E13B276016D1484FA4C3FE4D /* MaterialCommunityIcons.ttf */,
				39106E97853B4CD4BCB7C752 /* MaterialIcons.ttf */,
				A15D1E943BD0424587A0D5B6 /* Octicons.ttf */,
				5881757E3CA74F32847A62C1 /* Roboto_medium.ttf */,
				82CC22D7BFF44AC2A952A93B /* Roboto.ttf */,
				D22EF688096F4E4C9BC55C0D /* rubicon-icon-font.ttf */,
				9255DAF0198041BFA9A9C2D9 /* SimpleLineIcons.ttf */,
				B5619ADF3E5A46309CC921FF /* Zocial.ttf */,
			);
			name = Resources;
			path = "";
			sourceTree = "<group>";
		};
/* End PBXGroup section */

/* Begin PBXNativeTarget section */
		00E356ED1AD99517003FC87E /* protegecontrolappTests */ = {
			isa = PBXNativeTarget;
			buildConfigurationList = 00E357021AD99517003FC87E /* Build configuration list for PBXNativeTarget "protegecontrolappTests" */;
			buildPhases = (
				52E5EF8E3B957FC2EBA525EE /* [CP] Check Pods Manifest.lock */,
				00E356EA1AD99517003FC87E /* Sources */,
				00E356EB1AD99517003FC87E /* Frameworks */,
				00E356EC1AD99517003FC87E /* Resources */,
			);
			buildRules = (
			);
			dependencies = (
				00E356F51AD99517003FC87E /* PBXTargetDependency */,
			);
			name = protegecontrolappTests;
			productName = protegecontrolappTests;
			productReference = 00E356EE1AD99517003FC87E /* protegecontrolappTests.xctest */;
			productType = "com.apple.product-type.bundle.unit-test";
		};
		13B07F861A680F5B00A75B9A /* protegecontrolapp */ = {
			isa = PBXNativeTarget;
			buildConfigurationList = 13B07F931A680F5B00A75B9A /* Build configuration list for PBXNativeTarget "protegecontrolapp" */;
			buildPhases = (
				BD4FE2B621B6F4DCC32F0BA9 /* [CP] Check Pods Manifest.lock */,
				FD10A7F022414F080027D42C /* Start Packager */,
				13B07F871A680F5B00A75B9A /* Sources */,
				13B07F8C1A680F5B00A75B9A /* Frameworks */,
				13B07F8E1A680F5B00A75B9A /* Resources */,
				00DD1BFF1BD5951E006B06BC /* Bundle React Native code and images */,
				EDBFD52AA2BD3B8ECC21AD2E /* [CP] Copy Pods Resources */,
			);
			buildRules = (
			);
			dependencies = (
			);
			name = protegecontrolapp;
			productName = protegecontrolapp;
			productReference = 13B07F961A680F5B00A75B9A /* protegecontrolapp.app */;
			productType = "com.apple.product-type.application";
		};
		2D02E47A1E0B4A5D006451C7 /* protegecontrolapp-tvOS */ = {
			isa = PBXNativeTarget;
			buildConfigurationList = 2D02E4BA1E0B4A5E006451C7 /* Build configuration list for PBXNativeTarget "protegecontrolapp-tvOS" */;
			buildPhases = (
				0504389447BD4438454D26C5 /* [CP] Check Pods Manifest.lock */,
				FD10A7F122414F3F0027D42C /* Start Packager */,
				2D02E4771E0B4A5D006451C7 /* Sources */,
				2D02E4781E0B4A5D006451C7 /* Frameworks */,
				2D02E4791E0B4A5D006451C7 /* Resources */,
				2D02E4CB1E0B4B27006451C7 /* Bundle React Native Code And Images */,
			);
			buildRules = (
			);
			dependencies = (
			);
			name = "protegecontrolapp-tvOS";
			productName = "protegecontrolapp-tvOS";
			productReference = 2D02E47B1E0B4A5D006451C7 /* protegecontrolapp-tvOS.app */;
			productType = "com.apple.product-type.application";
		};
		2D02E48F1E0B4A5D006451C7 /* protegecontrolapp-tvOSTests */ = {
			isa = PBXNativeTarget;
			buildConfigurationList = 2D02E4BB1E0B4A5E006451C7 /* Build configuration list for PBXNativeTarget "protegecontrolapp-tvOSTests" */;
			buildPhases = (
				08427A7DB40873B957E37359 /* [CP] Check Pods Manifest.lock */,
				2D02E48C1E0B4A5D006451C7 /* Sources */,
				2D02E48D1E0B4A5D006451C7 /* Frameworks */,
				2D02E48E1E0B4A5D006451C7 /* Resources */,
			);
			buildRules = (
			);
			dependencies = (
				2D02E4921E0B4A5D006451C7 /* PBXTargetDependency */,
			);
			name = "protegecontrolapp-tvOSTests";
			productName = "protegecontrolapp-tvOSTests";
			productReference = 2D02E4901E0B4A5D006451C7 /* protegecontrolapp-tvOSTests.xctest */;
			productType = "com.apple.product-type.bundle.unit-test";
		};
/* End PBXNativeTarget section */

/* Begin PBXProject section */
		83CBB9F71A601CBA00E9B192 /* Project object */ = {
			isa = PBXProject;
			attributes = {
				LastUpgradeCheck = 940;
				ORGANIZATIONNAME = Facebook;
				TargetAttributes = {
					00E356ED1AD99517003FC87E = {
						CreatedOnToolsVersion = 6.2;
						TestTargetID = 13B07F861A680F5B00A75B9A;
					};
					2D02E47A1E0B4A5D006451C7 = {
						CreatedOnToolsVersion = 8.2.1;
						ProvisioningStyle = Automatic;
					};
					2D02E48F1E0B4A5D006451C7 = {
						CreatedOnToolsVersion = 8.2.1;
						ProvisioningStyle = Automatic;
						TestTargetID = 2D02E47A1E0B4A5D006451C7;
					};
				};
			};
			buildConfigurationList = 83CBB9FA1A601CBA00E9B192 /* Build configuration list for PBXProject "protegecontrolapp" */;
			compatibilityVersion = "Xcode 3.2";
			developmentRegion = English;
			hasScannedForEncodings = 0;
			knownRegions = (
				en,
				Base,
			);
			mainGroup = 83CBB9F61A601CBA00E9B192;
			productRefGroup = 83CBBA001A601CBA00E9B192 /* Products */;
			projectDirPath = "";
			projectRoot = "";
			targets = (
				13B07F861A680F5B00A75B9A /* protegecontrolapp */,
				00E356ED1AD99517003FC87E /* protegecontrolappTests */,
				2D02E47A1E0B4A5D006451C7 /* protegecontrolapp-tvOS */,
				2D02E48F1E0B4A5D006451C7 /* protegecontrolapp-tvOSTests */,
			);
		};
/* End PBXProject section */

/* Begin PBXResourcesBuildPhase section */
		00E356EC1AD99517003FC87E /* Resources */ = {
			isa = PBXResourcesBuildPhase;
			buildActionMask = 2147483647;
			files = (
			);
			runOnlyForDeploymentPostprocessing = 0;
		};
		13B07F8E1A680F5B00A75B9A /* Resources */ = {
			isa = PBXResourcesBuildPhase;
			buildActionMask = 2147483647;
			files = (
				13B07FBF1A68108700A75B9A /* Images.xcassets in Resources */,
				13B07FBD1A68108700A75B9A /* LaunchScreen.xib in Resources */,
				FC9BC77A0D804AF4AC194573 /* AntDesign.ttf in Resources */,
				958B33CCDFD7423E919A2D14 /* Entypo.ttf in Resources */,
				4715205A39B64E9B83D4A0D9 /* EvilIcons.ttf in Resources */,
				83C85FF5B35C43CF8DAB5D2C /* Feather.ttf in Resources */,
				79023676D53E4220987F5D09 /* FontAwesome.ttf in Resources */,
				0C37C4B149374E79B8F2C425 /* FontAwesome5_Brands.ttf in Resources */,
				4A527EE9545C4D53A1F963D4 /* FontAwesome5_Regular.ttf in Resources */,
				107D65B520B344AB99EDDB2B /* FontAwesome5_Solid.ttf in Resources */,
				22FA8D8666EE479FA488B1B0 /* Fontisto.ttf in Resources */,
				5A615E833A014ABBA19D297C /* Foundation.ttf in Resources */,
				C75B65E604884B18BE5BF4E4 /* Ionicons.ttf in Resources */,
				504DA64C714543A387EA46AC /* MaterialCommunityIcons.ttf in Resources */,
				9F6B2A93C03A47FD837CE893 /* MaterialIcons.ttf in Resources */,
				0BA96EE1B5E94C0E9A43BB1A /* Octicons.ttf in Resources */,
				0432799051F34ACEAE1C7A1F /* SimpleLineIcons.ttf in Resources */,
				6F1F5ED12ACE428C8234F7B5 /* Zocial.ttf in Resources */,
				984E99ACDDEA40A4914E7EB3 /* Roboto-Black.ttf in Resources */,
				D671E22C66A446528375FAD4 /* Roboto-BlackItalic.ttf in Resources */,
				42B95C086320434E90CCF036 /* Roboto-Bold.ttf in Resources */,
				D04F9F2A355D4387BAF94179 /* Roboto-BoldCondensed.ttf in Resources */,
				B88EBF81CA9B452DA18A3F5E /* Roboto-BoldCondensedItalic.ttf in Resources */,
				A7CB813031C24749957AFC90 /* Roboto-BoldItalic.ttf in Resources */,
				FEB4CF7461C64B9BAFE08CDC /* Roboto-Condensed.ttf in Resources */,
				D863214DF98B481DA631FF51 /* Roboto-CondensedItalic.ttf in Resources */,
				928278B7D19F4491946E0084 /* Roboto-Italic.ttf in Resources */,
				52EBBFFF620A46549705C3AE /* Roboto-Light.ttf in Resources */,
				2E3747B970CF4BC2A4586D39 /* Roboto-LightItalic.ttf in Resources */,
				07D3CB839F794EECBB921B64 /* Roboto-Medium.ttf in Resources */,
				C57DC895C390406CB9421D22 /* Roboto-MediumItalic.ttf in Resources */,
				1F24489A23704DC1A6DB7B8A /* Roboto-Regular.ttf in Resources */,
				A711C3EB672C4BB69FE6F733 /* Roboto-Thin.ttf in Resources */,
				25A6543C391F453597C83E06 /* Roboto-ThinItalic.ttf in Resources */,
				C0179C89FAA34643AD8A50B1 /* AntDesign.ttf in Resources */,
				505A2769F7F943B98C71868F /* Entypo.ttf in Resources */,
				B67340A4D1EC4C30A4FB3995 /* EvilIcons.ttf in Resources */,
				0D24F829A2F54B72BD10D7A2 /* Feather.ttf in Resources */,
				C576FE07007F4BF4901A56BB /* FontAwesome.ttf in Resources */,
				104CB00DB537488F83083D08 /* FontAwesome5_Brands.ttf in Resources */,
				94915057FFB7418D9029B0C5 /* FontAwesome5_Regular.ttf in Resources */,
				097EEC0B5D2F48B3A9D5C465 /* FontAwesome5_Solid.ttf in Resources */,
				62E505AC409F46D68C2BF771 /* Fontisto.ttf in Resources */,
				804DA9BDE2C342139B9059F0 /* Foundation.ttf in Resources */,
				BB66D8280160421D8A3FCC39 /* Ionicons.ttf in Resources */,
				A3A8DACF95DA48BB80AAC6D7 /* MaterialCommunityIcons.ttf in Resources */,
				C5860C41747C41F8BD3F687E /* MaterialIcons.ttf in Resources */,
				33D20692C4614DF6A01A6458 /* Octicons.ttf in Resources */,
				8AE63266AB8041A9B38CAD43 /* Roboto_medium.ttf in Resources */,
				28FAEDB8F1C54DBF98BB79B9 /* Roboto.ttf in Resources */,
				D5E37778875444238E763CD5 /* rubicon-icon-font.ttf in Resources */,
				D177F4B1871B4D089AA54D15 /* SimpleLineIcons.ttf in Resources */,
				099EF333562C4EAA8C0F2088 /* Zocial.ttf in Resources */,
			);
			runOnlyForDeploymentPostprocessing = 0;
		};
		2D02E4791E0B4A5D006451C7 /* Resources */ = {
			isa = PBXResourcesBuildPhase;
			buildActionMask = 2147483647;
			files = (
				2D02E4BD1E0B4A84006451C7 /* Images.xcassets in Resources */,
			);
			runOnlyForDeploymentPostprocessing = 0;
		};
		2D02E48E1E0B4A5D006451C7 /* Resources */ = {
			isa = PBXResourcesBuildPhase;
			buildActionMask = 2147483647;
			files = (
			);
			runOnlyForDeploymentPostprocessing = 0;
		};
/* End PBXResourcesBuildPhase section */

/* Begin PBXShellScriptBuildPhase section */
		00DD1BFF1BD5951E006B06BC /* Bundle React Native code and images */ = {
			isa = PBXShellScriptBuildPhase;
			buildActionMask = 2147483647;
			files = (
			);
			inputPaths = (
			);
			name = "Bundle React Native code and images";
			outputPaths = (
			);
			runOnlyForDeploymentPostprocessing = 0;
			shellPath = /bin/sh;
			shellScript = "export NODE_BINARY=node\n../node_modules/react-native/scripts/react-native-xcode.sh";
		};
		0504389447BD4438454D26C5 /* [CP] Check Pods Manifest.lock */ = {
			isa = PBXShellScriptBuildPhase;
			buildActionMask = 2147483647;
			files = (
			);
			inputFileListPaths = (
			);
			inputPaths = (
				"${PODS_PODFILE_DIR_PATH}/Podfile.lock",
				"${PODS_ROOT}/Manifest.lock",
			);
			name = "[CP] Check Pods Manifest.lock";
			outputFileListPaths = (
			);
			outputPaths = (
				"$(DERIVED_FILE_DIR)/Pods-protegecontrolapp-tvOS-checkManifestLockResult.txt",
			);
			runOnlyForDeploymentPostprocessing = 0;
			shellPath = /bin/sh;
			shellScript = "diff \"${PODS_PODFILE_DIR_PATH}/Podfile.lock\" \"${PODS_ROOT}/Manifest.lock\" > /dev/null\nif [ $? != 0 ] ; then\n    # print error to STDERR\n    echo \"error: The sandbox is not in sync with the Podfile.lock. Run 'pod install' or update your CocoaPods installation.\" >&2\n    exit 1\nfi\n# This output is used by Xcode 'outputs' to avoid re-running this script phase.\necho \"SUCCESS\" > \"${SCRIPT_OUTPUT_FILE_0}\"\n";
			showEnvVarsInLog = 0;
		};
		08427A7DB40873B957E37359 /* [CP] Check Pods Manifest.lock */ = {
			isa = PBXShellScriptBuildPhase;
			buildActionMask = 2147483647;
			files = (
			);
			inputFileListPaths = (
			);
			inputPaths = (
				"${PODS_PODFILE_DIR_PATH}/Podfile.lock",
				"${PODS_ROOT}/Manifest.lock",
			);
			name = "[CP] Check Pods Manifest.lock";
			outputFileListPaths = (
			);
			outputPaths = (
				"$(DERIVED_FILE_DIR)/Pods-protegecontrolapp-tvOSTests-checkManifestLockResult.txt",
			);
			runOnlyForDeploymentPostprocessing = 0;
			shellPath = /bin/sh;
			shellScript = "diff \"${PODS_PODFILE_DIR_PATH}/Podfile.lock\" \"${PODS_ROOT}/Manifest.lock\" > /dev/null\nif [ $? != 0 ] ; then\n    # print error to STDERR\n    echo \"error: The sandbox is not in sync with the Podfile.lock. Run 'pod install' or update your CocoaPods installation.\" >&2\n    exit 1\nfi\n# This output is used by Xcode 'outputs' to avoid re-running this script phase.\necho \"SUCCESS\" > \"${SCRIPT_OUTPUT_FILE_0}\"\n";
			showEnvVarsInLog = 0;
		};
		2D02E4CB1E0B4B27006451C7 /* Bundle React Native Code And Images */ = {
			isa = PBXShellScriptBuildPhase;
			buildActionMask = 2147483647;
			files = (
			);
			inputPaths = (
			);
			name = "Bundle React Native Code And Images";
			outputPaths = (
			);
			runOnlyForDeploymentPostprocessing = 0;
			shellPath = /bin/sh;
			shellScript = "export NODE_BINARY=node\n../node_modules/react-native/scripts/react-native-xcode.sh";
		};
		52E5EF8E3B957FC2EBA525EE /* [CP] Check Pods Manifest.lock */ = {
			isa = PBXShellScriptBuildPhase;
			buildActionMask = 2147483647;
			files = (
			);
			inputFileListPaths = (
			);
			inputPaths = (
				"${PODS_PODFILE_DIR_PATH}/Podfile.lock",
				"${PODS_ROOT}/Manifest.lock",
			);
			name = "[CP] Check Pods Manifest.lock";
			outputFileListPaths = (
			);
			outputPaths = (
				"$(DERIVED_FILE_DIR)/Pods-protegecontrolappTests-checkManifestLockResult.txt",
			);
			runOnlyForDeploymentPostprocessing = 0;
			shellPath = /bin/sh;
			shellScript = "diff \"${PODS_PODFILE_DIR_PATH}/Podfile.lock\" \"${PODS_ROOT}/Manifest.lock\" > /dev/null\nif [ $? != 0 ] ; then\n    # print error to STDERR\n    echo \"error: The sandbox is not in sync with the Podfile.lock. Run 'pod install' or update your CocoaPods installation.\" >&2\n    exit 1\nfi\n# This output is used by Xcode 'outputs' to avoid re-running this script phase.\necho \"SUCCESS\" > \"${SCRIPT_OUTPUT_FILE_0}\"\n";
			showEnvVarsInLog = 0;
		};
		BD4FE2B621B6F4DCC32F0BA9 /* [CP] Check Pods Manifest.lock */ = {
			isa = PBXShellScriptBuildPhase;
			buildActionMask = 2147483647;
			files = (
			);
			inputFileListPaths = (
			);
			inputPaths = (
				"${PODS_PODFILE_DIR_PATH}/Podfile.lock",
				"${PODS_ROOT}/Manifest.lock",
			);
			name = "[CP] Check Pods Manifest.lock";
			outputFileListPaths = (
			);
			outputPaths = (
				"$(DERIVED_FILE_DIR)/Pods-protegecontrolapp-checkManifestLockResult.txt",
			);
			runOnlyForDeploymentPostprocessing = 0;
			shellPath = /bin/sh;
			shellScript = "diff \"${PODS_PODFILE_DIR_PATH}/Podfile.lock\" \"${PODS_ROOT}/Manifest.lock\" > /dev/null\nif [ $? != 0 ] ; then\n    # print error to STDERR\n    echo \"error: The sandbox is not in sync with the Podfile.lock. Run 'pod install' or update your CocoaPods installation.\" >&2\n    exit 1\nfi\n# This output is used by Xcode 'outputs' to avoid re-running this script phase.\necho \"SUCCESS\" > \"${SCRIPT_OUTPUT_FILE_0}\"\n";
			showEnvVarsInLog = 0;
		};
		EDBFD52AA2BD3B8ECC21AD2E /* [CP] Copy Pods Resources */ = {
			isa = PBXShellScriptBuildPhase;
			buildActionMask = 2147483647;
			files = (
			);
			inputPaths = (
				"${PODS_ROOT}/Target Support Files/Pods-protegecontrolapp/Pods-protegecontrolapp-resources.sh",
				"${PODS_ROOT}/../../node_modules/react-native-vector-icons/Fonts/AntDesign.ttf",
				"${PODS_ROOT}/../../node_modules/react-native-vector-icons/Fonts/Entypo.ttf",
				"${PODS_ROOT}/../../node_modules/react-native-vector-icons/Fonts/EvilIcons.ttf",
				"${PODS_ROOT}/../../node_modules/react-native-vector-icons/Fonts/Feather.ttf",
				"${PODS_ROOT}/../../node_modules/react-native-vector-icons/Fonts/FontAwesome.ttf",
				"${PODS_ROOT}/../../node_modules/react-native-vector-icons/Fonts/FontAwesome5_Brands.ttf",
				"${PODS_ROOT}/../../node_modules/react-native-vector-icons/Fonts/FontAwesome5_Regular.ttf",
				"${PODS_ROOT}/../../node_modules/react-native-vector-icons/Fonts/FontAwesome5_Solid.ttf",
				"${PODS_ROOT}/../../node_modules/react-native-vector-icons/Fonts/Fontisto.ttf",
				"${PODS_ROOT}/../../node_modules/react-native-vector-icons/Fonts/Foundation.ttf",
				"${PODS_ROOT}/../../node_modules/react-native-vector-icons/Fonts/Ionicons.ttf",
				"${PODS_ROOT}/../../node_modules/react-native-vector-icons/Fonts/MaterialCommunityIcons.ttf",
				"${PODS_ROOT}/../../node_modules/react-native-vector-icons/Fonts/MaterialIcons.ttf",
				"${PODS_ROOT}/../../node_modules/react-native-vector-icons/Fonts/Octicons.ttf",
				"${PODS_ROOT}/../../node_modules/react-native-vector-icons/Fonts/SimpleLineIcons.ttf",
				"${PODS_ROOT}/../../node_modules/react-native-vector-icons/Fonts/Zocial.ttf",
			);
			name = "[CP] Copy Pods Resources";
			outputPaths = (
				"${TARGET_BUILD_DIR}/${UNLOCALIZED_RESOURCES_FOLDER_PATH}/AntDesign.ttf",
				"${TARGET_BUILD_DIR}/${UNLOCALIZED_RESOURCES_FOLDER_PATH}/Entypo.ttf",
				"${TARGET_BUILD_DIR}/${UNLOCALIZED_RESOURCES_FOLDER_PATH}/EvilIcons.ttf",
				"${TARGET_BUILD_DIR}/${UNLOCALIZED_RESOURCES_FOLDER_PATH}/Feather.ttf",
				"${TARGET_BUILD_DIR}/${UNLOCALIZED_RESOURCES_FOLDER_PATH}/FontAwesome.ttf",
				"${TARGET_BUILD_DIR}/${UNLOCALIZED_RESOURCES_FOLDER_PATH}/FontAwesome5_Brands.ttf",
				"${TARGET_BUILD_DIR}/${UNLOCALIZED_RESOURCES_FOLDER_PATH}/FontAwesome5_Regular.ttf",
				"${TARGET_BUILD_DIR}/${UNLOCALIZED_RESOURCES_FOLDER_PATH}/FontAwesome5_Solid.ttf",
				"${TARGET_BUILD_DIR}/${UNLOCALIZED_RESOURCES_FOLDER_PATH}/Fontisto.ttf",
				"${TARGET_BUILD_DIR}/${UNLOCALIZED_RESOURCES_FOLDER_PATH}/Foundation.ttf",
				"${TARGET_BUILD_DIR}/${UNLOCALIZED_RESOURCES_FOLDER_PATH}/Ionicons.ttf",
				"${TARGET_BUILD_DIR}/${UNLOCALIZED_RESOURCES_FOLDER_PATH}/MaterialCommunityIcons.ttf",
				"${TARGET_BUILD_DIR}/${UNLOCALIZED_RESOURCES_FOLDER_PATH}/MaterialIcons.ttf",
				"${TARGET_BUILD_DIR}/${UNLOCALIZED_RESOURCES_FOLDER_PATH}/Octicons.ttf",
				"${TARGET_BUILD_DIR}/${UNLOCALIZED_RESOURCES_FOLDER_PATH}/SimpleLineIcons.ttf",
				"${TARGET_BUILD_DIR}/${UNLOCALIZED_RESOURCES_FOLDER_PATH}/Zocial.ttf",
			);
			runOnlyForDeploymentPostprocessing = 0;
			shellPath = /bin/sh;
			shellScript = "\"${PODS_ROOT}/Target Support Files/Pods-protegecontrolapp/Pods-protegecontrolapp-resources.sh\"\n";
			showEnvVarsInLog = 0;
		};
		FD10A7F022414F080027D42C /* Start Packager */ = {
			isa = PBXShellScriptBuildPhase;
			buildActionMask = 2147483647;
			files = (
			);
			inputFileListPaths = (
			);
			inputPaths = (
			);
			name = "Start Packager";
			outputFileListPaths = (
			);
			outputPaths = (
			);
			runOnlyForDeploymentPostprocessing = 0;
			shellPath = /bin/sh;
			shellScript = "export RCT_METRO_PORT=\"${RCT_METRO_PORT:=8081}\"\necho \"export RCT_METRO_PORT=${RCT_METRO_PORT}\" > \"${SRCROOT}/../node_modules/react-native/scripts/.packager.env\"\nif [ -z \"${RCT_NO_LAUNCH_PACKAGER+xxx}\" ] ; then\n  if nc -w 5 -z localhost ${RCT_METRO_PORT} ; then\n    if ! curl -s \"http://localhost:${RCT_METRO_PORT}/status\" | grep -q \"packager-status:running\" ; then\n      echo \"Port ${RCT_METRO_PORT} already in use, packager is either not running or not running correctly\"\n      exit 2\n    fi\n  else\n    open \"$SRCROOT/../node_modules/react-native/scripts/launchPackager.command\" || echo \"Can't start packager automatically\"\n  fi\nfi\n";
			showEnvVarsInLog = 0;
		};
		FD10A7F122414F3F0027D42C /* Start Packager */ = {
			isa = PBXShellScriptBuildPhase;
			buildActionMask = 2147483647;
			files = (
			);
			inputFileListPaths = (
			);
			inputPaths = (
			);
			name = "Start Packager";
			outputFileListPaths = (
			);
			outputPaths = (
			);
			runOnlyForDeploymentPostprocessing = 0;
			shellPath = /bin/sh;
			shellScript = "export RCT_METRO_PORT=\"${RCT_METRO_PORT:=8081}\"\necho \"export RCT_METRO_PORT=${RCT_METRO_PORT}\" > \"${SRCROOT}/../node_modules/react-native/scripts/.packager.env\"\nif [ -z \"${RCT_NO_LAUNCH_PACKAGER+xxx}\" ] ; then\n  if nc -w 5 -z localhost ${RCT_METRO_PORT} ; then\n    if ! curl -s \"http://localhost:${RCT_METRO_PORT}/status\" | grep -q \"packager-status:running\" ; then\n      echo \"Port ${RCT_METRO_PORT} already in use, packager is either not running or not running correctly\"\n      exit 2\n    fi\n  else\n    open \"$SRCROOT/../node_modules/react-native/scripts/launchPackager.command\" || echo \"Can't start packager automatically\"\n  fi\nfi\n";
			showEnvVarsInLog = 0;
		};
/* End PBXShellScriptBuildPhase section */

/* Begin PBXSourcesBuildPhase section */
		00E356EA1AD99517003FC87E /* Sources */ = {
			isa = PBXSourcesBuildPhase;
			buildActionMask = 2147483647;
			files = (
				00E356F31AD99517003FC87E /* protegecontrolappTests.m in Sources */,
			);
			runOnlyForDeploymentPostprocessing = 0;
		};
		13B07F871A680F5B00A75B9A /* Sources */ = {
			isa = PBXSourcesBuildPhase;
			buildActionMask = 2147483647;
			files = (
				13B07FBC1A68108700A75B9A /* AppDelegate.m in Sources */,
				13B07FC11A68108700A75B9A /* main.m in Sources */,
			);
			runOnlyForDeploymentPostprocessing = 0;
		};
		2D02E4771E0B4A5D006451C7 /* Sources */ = {
			isa = PBXSourcesBuildPhase;
			buildActionMask = 2147483647;
			files = (
				2D02E4BF1E0B4AB3006451C7 /* main.m in Sources */,
				2D02E4BC1E0B4A80006451C7 /* AppDelegate.m in Sources */,
			);
			runOnlyForDeploymentPostprocessing = 0;
		};
		2D02E48C1E0B4A5D006451C7 /* Sources */ = {
			isa = PBXSourcesBuildPhase;
			buildActionMask = 2147483647;
			files = (
				2DCD954D1E0B4F2C00145EB5 /* protegecontrolappTests.m in Sources */,
			);
			runOnlyForDeploymentPostprocessing = 0;
		};
/* End PBXSourcesBuildPhase section */

/* Begin PBXTargetDependency section */
		00E356F51AD99517003FC87E /* PBXTargetDependency */ = {
			isa = PBXTargetDependency;
			target = 13B07F861A680F5B00A75B9A /* protegecontrolapp */;
			targetProxy = 00E356F41AD99517003FC87E /* PBXContainerItemProxy */;
		};
		2D02E4921E0B4A5D006451C7 /* PBXTargetDependency */ = {
			isa = PBXTargetDependency;
			target = 2D02E47A1E0B4A5D006451C7 /* protegecontrolapp-tvOS */;
			targetProxy = 2D02E4911E0B4A5D006451C7 /* PBXContainerItemProxy */;
		};
/* End PBXTargetDependency section */

/* Begin PBXVariantGroup section */
		13B07FB11A68108700A75B9A /* LaunchScreen.xib */ = {
			isa = PBXVariantGroup;
			children = (
				13B07FB21A68108700A75B9A /* Base */,
			);
			name = LaunchScreen.xib;
			path = protegecontrolapp;
			sourceTree = "<group>";
		};
/* End PBXVariantGroup section */

/* Begin XCBuildConfiguration section */
		00E356F61AD99517003FC87E /* Debug */ = {
			isa = XCBuildConfiguration;
			baseConfigurationReference = C7E6E5E4CC17CB9FB2457298 /* Pods-protegecontrolappTests.debug.xcconfig */;
			buildSettings = {
				BUNDLE_LOADER = "$(TEST_HOST)";
				GCC_PREPROCESSOR_DEFINITIONS = (
					"DEBUG=1",
					"$(inherited)",
				);
				INFOPLIST_FILE = protegecontrolappTests/Info.plist;
				IPHONEOS_DEPLOYMENT_TARGET = 9.0;
				LD_RUNPATH_SEARCH_PATHS = "$(inherited) @executable_path/Frameworks @loader_path/Frameworks";
				OTHER_LDFLAGS = (
					"-ObjC",
					"-lc++",
					"$(inherited)",
				);
				PRODUCT_BUNDLE_IDENTIFIER = "org.reactjs.native.example.$(PRODUCT_NAME:rfc1034identifier)";
				PRODUCT_NAME = "$(TARGET_NAME)";
				TEST_HOST = "$(BUILT_PRODUCTS_DIR)/protegecontrolapp.app/protegecontrolapp";
			};
			name = Debug;
		};
		00E356F71AD99517003FC87E /* Release */ = {
			isa = XCBuildConfiguration;
			baseConfigurationReference = 5C80096B98CCDA5ED202649B /* Pods-protegecontrolappTests.release.xcconfig */;
			buildSettings = {
				BUNDLE_LOADER = "$(TEST_HOST)";
				COPY_PHASE_STRIP = NO;
				INFOPLIST_FILE = protegecontrolappTests/Info.plist;
				IPHONEOS_DEPLOYMENT_TARGET = 9.0;
				LD_RUNPATH_SEARCH_PATHS = "$(inherited) @executable_path/Frameworks @loader_path/Frameworks";
				OTHER_LDFLAGS = (
					"-ObjC",
					"-lc++",
					"$(inherited)",
				);
				PRODUCT_BUNDLE_IDENTIFIER = "org.reactjs.native.example.$(PRODUCT_NAME:rfc1034identifier)";
				PRODUCT_NAME = "$(TARGET_NAME)";
				TEST_HOST = "$(BUILT_PRODUCTS_DIR)/protegecontrolapp.app/protegecontrolapp";
			};
			name = Release;
		};
		13B07F941A680F5B00A75B9A /* Debug */ = {
			isa = XCBuildConfiguration;
			baseConfigurationReference = C6FFAFA16F63896CC76F8577 /* Pods-protegecontrolapp.debug.xcconfig */;
			buildSettings = {
				ASSETCATALOG_COMPILER_APPICON_NAME = AppIcon;
				CURRENT_PROJECT_VERSION = 1;
				DEAD_CODE_STRIPPING = NO;
				INFOPLIST_FILE = protegecontrolapp/Info.plist;
				LD_RUNPATH_SEARCH_PATHS = "$(inherited) @executable_path/Frameworks";
				OTHER_LDFLAGS = (
					"$(inherited)",
					"-ObjC",
					"-lc++",
				);
				PRODUCT_BUNDLE_IDENTIFIER = "org.reactjs.native.example.$(PRODUCT_NAME:rfc1034identifier)";
				PRODUCT_NAME = protegecontrolapp;
				VERSIONING_SYSTEM = "apple-generic";
			};
			name = Debug;
		};
		13B07F951A680F5B00A75B9A /* Release */ = {
			isa = XCBuildConfiguration;
			baseConfigurationReference = 9EB4D51BAD982A3A60888FB5 /* Pods-protegecontrolapp.release.xcconfig */;
			buildSettings = {
				ASSETCATALOG_COMPILER_APPICON_NAME = AppIcon;
				CURRENT_PROJECT_VERSION = 1;
				INFOPLIST_FILE = protegecontrolapp/Info.plist;
				LD_RUNPATH_SEARCH_PATHS = "$(inherited) @executable_path/Frameworks";
				OTHER_LDFLAGS = (
					"$(inherited)",
					"-ObjC",
					"-lc++",
				);
				PRODUCT_BUNDLE_IDENTIFIER = "org.reactjs.native.example.$(PRODUCT_NAME:rfc1034identifier)";
				PRODUCT_NAME = protegecontrolapp;
				VERSIONING_SYSTEM = "apple-generic";
			};
			name = Release;
		};
		2D02E4971E0B4A5E006451C7 /* Debug */ = {
			isa = XCBuildConfiguration;
			baseConfigurationReference = B0C84159D3486D3FC6B70C6C /* Pods-protegecontrolapp-tvOS.debug.xcconfig */;
			buildSettings = {
				ASSETCATALOG_COMPILER_APPICON_NAME = "App Icon & Top Shelf Image";
				ASSETCATALOG_COMPILER_LAUNCHIMAGE_NAME = LaunchImage;
				CLANG_ANALYZER_NONNULL = YES;
				CLANG_WARN_DOCUMENTATION_COMMENTS = YES;
				CLANG_WARN_INFINITE_RECURSION = YES;
				CLANG_WARN_SUSPICIOUS_MOVE = YES;
				DEBUG_INFORMATION_FORMAT = dwarf;
				ENABLE_TESTABILITY = YES;
				GCC_NO_COMMON_BLOCKS = YES;
				INFOPLIST_FILE = "protegecontrolapp-tvOS/Info.plist";
				LD_RUNPATH_SEARCH_PATHS = "$(inherited) @executable_path/Frameworks";
				OTHER_LDFLAGS = (
					"$(inherited)",
					"-ObjC",
					"-lc++",
				);
				PRODUCT_BUNDLE_IDENTIFIER = "com.facebook.REACT.protegecontrolapp-tvOS";
				PRODUCT_NAME = "$(TARGET_NAME)";
				SDKROOT = appletvos;
				TARGETED_DEVICE_FAMILY = 3;
				TVOS_DEPLOYMENT_TARGET = 9.2;
			};
			name = Debug;
		};
		2D02E4981E0B4A5E006451C7 /* Release */ = {
			isa = XCBuildConfiguration;
			baseConfigurationReference = FB3FD11548E13DDE090F5F44 /* Pods-protegecontrolapp-tvOS.release.xcconfig */;
			buildSettings = {
				ASSETCATALOG_COMPILER_APPICON_NAME = "App Icon & Top Shelf Image";
				ASSETCATALOG_COMPILER_LAUNCHIMAGE_NAME = LaunchImage;
				CLANG_ANALYZER_NONNULL = YES;
				CLANG_WARN_DOCUMENTATION_COMMENTS = YES;
				CLANG_WARN_INFINITE_RECURSION = YES;
				CLANG_WARN_SUSPICIOUS_MOVE = YES;
				COPY_PHASE_STRIP = NO;
				DEBUG_INFORMATION_FORMAT = "dwarf-with-dsym";
				GCC_NO_COMMON_BLOCKS = YES;
				INFOPLIST_FILE = "protegecontrolapp-tvOS/Info.plist";
				LD_RUNPATH_SEARCH_PATHS = "$(inherited) @executable_path/Frameworks";
				OTHER_LDFLAGS = (
					"$(inherited)",
					"-ObjC",
					"-lc++",
				);
				PRODUCT_BUNDLE_IDENTIFIER = "com.facebook.REACT.protegecontrolapp-tvOS";
				PRODUCT_NAME = "$(TARGET_NAME)";
				SDKROOT = appletvos;
				TARGETED_DEVICE_FAMILY = 3;
				TVOS_DEPLOYMENT_TARGET = 9.2;
			};
			name = Release;
		};
		2D02E4991E0B4A5E006451C7 /* Debug */ = {
			isa = XCBuildConfiguration;
			baseConfigurationReference = B9A80FF241CD6081005FDDED /* Pods-protegecontrolapp-tvOSTests.debug.xcconfig */;
			buildSettings = {
				BUNDLE_LOADER = "$(TEST_HOST)";
				CLANG_ANALYZER_NONNULL = YES;
				CLANG_WARN_DOCUMENTATION_COMMENTS = YES;
				CLANG_WARN_INFINITE_RECURSION = YES;
				CLANG_WARN_SUSPICIOUS_MOVE = YES;
				DEBUG_INFORMATION_FORMAT = dwarf;
				ENABLE_TESTABILITY = YES;
				GCC_NO_COMMON_BLOCKS = YES;
				INFOPLIST_FILE = "protegecontrolapp-tvOSTests/Info.plist";
				LD_RUNPATH_SEARCH_PATHS = "$(inherited) @executable_path/Frameworks @loader_path/Frameworks";
				OTHER_LDFLAGS = (
					"$(inherited)",
					"-ObjC",
					"-lc++",
				);
				PRODUCT_BUNDLE_IDENTIFIER = "com.facebook.REACT.protegecontrolapp-tvOSTests";
				PRODUCT_NAME = "$(TARGET_NAME)";
				SDKROOT = appletvos;
				TEST_HOST = "$(BUILT_PRODUCTS_DIR)/protegecontrolapp-tvOS.app/protegecontrolapp-tvOS";
				TVOS_DEPLOYMENT_TARGET = 10.1;
			};
			name = Debug;
		};
		2D02E49A1E0B4A5E006451C7 /* Release */ = {
			isa = XCBuildConfiguration;
			baseConfigurationReference = 952F1DF09D14BE6763FCDCEF /* Pods-protegecontrolapp-tvOSTests.release.xcconfig */;
			buildSettings = {
				BUNDLE_LOADER = "$(TEST_HOST)";
				CLANG_ANALYZER_NONNULL = YES;
				CLANG_WARN_DOCUMENTATION_COMMENTS = YES;
				CLANG_WARN_INFINITE_RECURSION = YES;
				CLANG_WARN_SUSPICIOUS_MOVE = YES;
				COPY_PHASE_STRIP = NO;
				DEBUG_INFORMATION_FORMAT = "dwarf-with-dsym";
				GCC_NO_COMMON_BLOCKS = YES;
				INFOPLIST_FILE = "protegecontrolapp-tvOSTests/Info.plist";
				LD_RUNPATH_SEARCH_PATHS = "$(inherited) @executable_path/Frameworks @loader_path/Frameworks";
				OTHER_LDFLAGS = (
					"$(inherited)",
					"-ObjC",
					"-lc++",
				);
				PRODUCT_BUNDLE_IDENTIFIER = "com.facebook.REACT.protegecontrolapp-tvOSTests";
				PRODUCT_NAME = "$(TARGET_NAME)";
				SDKROOT = appletvos;
				TEST_HOST = "$(BUILT_PRODUCTS_DIR)/protegecontrolapp-tvOS.app/protegecontrolapp-tvOS";
				TVOS_DEPLOYMENT_TARGET = 10.1;
			};
			name = Release;
		};
		83CBBA201A601CBA00E9B192 /* Debug */ = {
			isa = XCBuildConfiguration;
			buildSettings = {
				ALWAYS_SEARCH_USER_PATHS = NO;
				CLANG_CXX_LANGUAGE_STANDARD = "gnu++0x";
				CLANG_CXX_LIBRARY = "libc++";
				CLANG_ENABLE_MODULES = YES;
				CLANG_ENABLE_OBJC_ARC = YES;
				CLANG_WARN_BLOCK_CAPTURE_AUTORELEASING = YES;
				CLANG_WARN_BOOL_CONVERSION = YES;
				CLANG_WARN_COMMA = YES;
				CLANG_WARN_CONSTANT_CONVERSION = YES;
				CLANG_WARN_DEPRECATED_OBJC_IMPLEMENTATIONS = YES;
				CLANG_WARN_DIRECT_OBJC_ISA_USAGE = YES_ERROR;
				CLANG_WARN_EMPTY_BODY = YES;
				CLANG_WARN_ENUM_CONVERSION = YES;
				CLANG_WARN_INFINITE_RECURSION = YES;
				CLANG_WARN_INT_CONVERSION = YES;
				CLANG_WARN_NON_LITERAL_NULL_CONVERSION = YES;
				CLANG_WARN_OBJC_IMPLICIT_RETAIN_SELF = YES;
				CLANG_WARN_OBJC_LITERAL_CONVERSION = YES;
				CLANG_WARN_OBJC_ROOT_CLASS = YES_ERROR;
				CLANG_WARN_RANGE_LOOP_ANALYSIS = YES;
				CLANG_WARN_STRICT_PROTOTYPES = YES;
				CLANG_WARN_SUSPICIOUS_MOVE = YES;
				CLANG_WARN_UNREACHABLE_CODE = YES;
				CLANG_WARN__DUPLICATE_METHOD_MATCH = YES;
				"CODE_SIGN_IDENTITY[sdk=iphoneos*]" = "iPhone Developer";
				COPY_PHASE_STRIP = NO;
				ENABLE_STRICT_OBJC_MSGSEND = YES;
				ENABLE_TESTABILITY = YES;
				GCC_C_LANGUAGE_STANDARD = gnu99;
				GCC_DYNAMIC_NO_PIC = NO;
				GCC_NO_COMMON_BLOCKS = YES;
				GCC_OPTIMIZATION_LEVEL = 0;
				GCC_PREPROCESSOR_DEFINITIONS = (
					"DEBUG=1",
					"$(inherited)",
				);
				GCC_SYMBOLS_PRIVATE_EXTERN = NO;
				GCC_WARN_64_TO_32_BIT_CONVERSION = YES;
				GCC_WARN_ABOUT_RETURN_TYPE = YES_ERROR;
				GCC_WARN_UNDECLARED_SELECTOR = YES;
				GCC_WARN_UNINITIALIZED_AUTOS = YES_AGGRESSIVE;
				GCC_WARN_UNUSED_FUNCTION = YES;
				GCC_WARN_UNUSED_VARIABLE = YES;
				IPHONEOS_DEPLOYMENT_TARGET = 9.0;
				MTL_ENABLE_DEBUG_INFO = YES;
				ONLY_ACTIVE_ARCH = YES;
				SDKROOT = iphoneos;
			};
			name = Debug;
		};
		83CBBA211A601CBA00E9B192 /* Release */ = {
			isa = XCBuildConfiguration;
			buildSettings = {
				ALWAYS_SEARCH_USER_PATHS = NO;
				CLANG_CXX_LANGUAGE_STANDARD = "gnu++0x";
				CLANG_CXX_LIBRARY = "libc++";
				CLANG_ENABLE_MODULES = YES;
				CLANG_ENABLE_OBJC_ARC = YES;
				CLANG_WARN_BLOCK_CAPTURE_AUTORELEASING = YES;
				CLANG_WARN_BOOL_CONVERSION = YES;
				CLANG_WARN_COMMA = YES;
				CLANG_WARN_CONSTANT_CONVERSION = YES;
				CLANG_WARN_DEPRECATED_OBJC_IMPLEMENTATIONS = YES;
				CLANG_WARN_DIRECT_OBJC_ISA_USAGE = YES_ERROR;
				CLANG_WARN_EMPTY_BODY = YES;
				CLANG_WARN_ENUM_CONVERSION = YES;
				CLANG_WARN_INFINITE_RECURSION = YES;
				CLANG_WARN_INT_CONVERSION = YES;
				CLANG_WARN_NON_LITERAL_NULL_CONVERSION = YES;
				CLANG_WARN_OBJC_IMPLICIT_RETAIN_SELF = YES;
				CLANG_WARN_OBJC_LITERAL_CONVERSION = YES;
				CLANG_WARN_OBJC_ROOT_CLASS = YES_ERROR;
				CLANG_WARN_RANGE_LOOP_ANALYSIS = YES;
				CLANG_WARN_STRICT_PROTOTYPES = YES;
				CLANG_WARN_SUSPICIOUS_MOVE = YES;
				CLANG_WARN_UNREACHABLE_CODE = YES;
				CLANG_WARN__DUPLICATE_METHOD_MATCH = YES;
				"CODE_SIGN_IDENTITY[sdk=iphoneos*]" = "iPhone Developer";
				COPY_PHASE_STRIP = YES;
				ENABLE_NS_ASSERTIONS = NO;
				ENABLE_STRICT_OBJC_MSGSEND = YES;
				GCC_C_LANGUAGE_STANDARD = gnu99;
				GCC_NO_COMMON_BLOCKS = YES;
				GCC_WARN_64_TO_32_BIT_CONVERSION = YES;
				GCC_WARN_ABOUT_RETURN_TYPE = YES_ERROR;
				GCC_WARN_UNDECLARED_SELECTOR = YES;
				GCC_WARN_UNINITIALIZED_AUTOS = YES_AGGRESSIVE;
				GCC_WARN_UNUSED_FUNCTION = YES;
				GCC_WARN_UNUSED_VARIABLE = YES;
				IPHONEOS_DEPLOYMENT_TARGET = 9.0;
				MTL_ENABLE_DEBUG_INFO = NO;
				SDKROOT = iphoneos;
				VALIDATE_PRODUCT = YES;
			};
			name = Release;
		};
/* End XCBuildConfiguration section */

/* Begin XCConfigurationList section */
		00E357021AD99517003FC87E /* Build configuration list for PBXNativeTarget "protegecontrolappTests" */ = {
			isa = XCConfigurationList;
			buildConfigurations = (
				00E356F61AD99517003FC87E /* Debug */,
				00E356F71AD99517003FC87E /* Release */,
			);
			defaultConfigurationIsVisible = 0;
			defaultConfigurationName = Release;
		};
		13B07F931A680F5B00A75B9A /* Build configuration list for PBXNativeTarget "protegecontrolapp" */ = {
			isa = XCConfigurationList;
			buildConfigurations = (
				13B07F941A680F5B00A75B9A /* Debug */,
				13B07F951A680F5B00A75B9A /* Release */,
			);
			defaultConfigurationIsVisible = 0;
			defaultConfigurationName = Release;
		};
		2D02E4BA1E0B4A5E006451C7 /* Build configuration list for PBXNativeTarget "protegecontrolapp-tvOS" */ = {
			isa = XCConfigurationList;
			buildConfigurations = (
				2D02E4971E0B4A5E006451C7 /* Debug */,
				2D02E4981E0B4A5E006451C7 /* Release */,
			);
			defaultConfigurationIsVisible = 0;
			defaultConfigurationName = Release;
		};
		2D02E4BB1E0B4A5E006451C7 /* Build configuration list for PBXNativeTarget "protegecontrolapp-tvOSTests" */ = {
			isa = XCConfigurationList;
			buildConfigurations = (
				2D02E4991E0B4A5E006451C7 /* Debug */,
				2D02E49A1E0B4A5E006451C7 /* Release */,
			);
			defaultConfigurationIsVisible = 0;
			defaultConfigurationName = Release;
		};
		83CBB9FA1A601CBA00E9B192 /* Build configuration list for PBXProject "protegecontrolapp" */ = {
			isa = XCConfigurationList;
			buildConfigurations = (
				83CBBA201A601CBA00E9B192 /* Debug */,
				83CBBA211A601CBA00E9B192 /* Release */,
			);
			defaultConfigurationIsVisible = 0;
			defaultConfigurationName = Release;
		};
/* End XCConfigurationList section */
	};
	rootObject = 83CBB9F71A601CBA00E9B192 /* Project object */;
}
